
Microsoft Visual Studio Solution File, Format Version 12.00
# Visual Studio Version 17
VisualStudioVersion = 17.3.32825.248
MinimumVisualStudioVersion = 10.0.40219.1
Project("{FAE04EC0-301F-11D3-BF4B-00C04F79EFBC}") = "TMS-API", "TMS-API\TMS-API.csproj", "{B79C2F4F-D3B7-45EC-AB0D-DC96CBEEB44F}"
EndProject
Global
	GlobalSection(SolutionConfigurationPlatforms) = preSolution
		Debug|Any CPU = Debug|Any CPU
		Release|Any CPU = Release|Any CPU
	EndGlobalSection
	GlobalSection(ProjectConfigurationPlatforms) = postSolution
		{B79C2F4F-D3B7-45EC-AB0D-DC96CBEEB44F}.Debug|Any CPU.ActiveCfg = Debug|Any CPU
		{B79C2F4F-D3B7-45EC-AB0D-DC96CBEEB44F}.Debug|Any CPU.Build.0 = Debug|Any CPU
		{B79C2F4F-D3B7-45EC-AB0D-DC96CBEEB44F}.Release|Any CPU.ActiveCfg = Release|Any CPU
		{B79C2F4F-D3B7-45EC-AB0D-DC96CBEEB44F}.Release|Any CPU.Build.0 = Release|Any CPU
	EndGlobalSection
	GlobalSection(SolutionProperties) = preSolution
		HideSolutionNode = FALSE
	EndGlobalSection
	GlobalSection(ExtensibilityGlobals) = postSolution
		SolutionGuid = {F320BD60-19D8-46F1-BF49-711A9A3B4835}
	EndGlobalSection
EndGlobal
