
Microsoft Visual Studio Solution File, Format Version 12.00
# Visual Studio Version 17
VisualStudioVersion = 17.0.31912.275
MinimumVisualStudioVersion = 10.0.40219.1
Project("{9A19103F-16F7-4668-BE54-9A1E7A4F7556}") = "BLL", "BLL\BLL.csproj", "{8BB34DEA-9DAB-4E12-88B1-39BF09A80B49}"
EndProject
Project("{9A19103F-16F7-4668-BE54-9A1E7A4F7556}") = "Data", "Data\Data.csproj", "{603A250E-D8B4-44CC-A12A-32E61AEEBFA8}"
EndProject
Project("{9A19103F-16F7-4668-BE54-9A1E7A4F7556}") = "Utility", "Utility\Utility.csproj", "{74F304B1-31AE-45C4-9337-76DD6536A993}"
EndProject
Project("{9A19103F-16F7-4668-BE54-9A1E7A4F7556}") = "TMSApi", "TMSApi\TMSApi.csproj", "{C1BFCB28-040D-4C91-93E9-5D4AC7A34AFE}"
EndProject
Global
	GlobalSection(SolutionConfigurationPlatforms) = preSolution
		Debug|Any CPU = Debug|Any CPU
		Release|Any CPU = Release|Any CPU
	EndGlobalSection
	GlobalSection(ProjectConfigurationPlatforms) = postSolution
		{8BB34DEA-9DAB-4E12-88B1-39BF09A80B49}.Debug|Any CPU.ActiveCfg = Debug|Any CPU
		{8BB34DEA-9DAB-4E12-88B1-39BF09A80B49}.Debug|Any CPU.Build.0 = Debug|Any CPU
		{8BB34DEA-9DAB-4E12-88B1-39BF09A80B49}.Release|Any CPU.ActiveCfg = Release|Any CPU
		{8BB34DEA-9DAB-4E12-88B1-39BF09A80B49}.Release|Any CPU.Build.0 = Release|Any CPU
		{603A250E-D8B4-44CC-A12A-32E61AEEBFA8}.Debug|Any CPU.ActiveCfg = Debug|Any CPU
		{603A250E-D8B4-44CC-A12A-32E61AEEBFA8}.Debug|Any CPU.Build.0 = Debug|Any CPU
		{603A250E-D8B4-44CC-A12A-32E61AEEBFA8}.Release|Any CPU.ActiveCfg = Release|Any CPU
		{603A250E-D8B4-44CC-A12A-32E61AEEBFA8}.Release|Any CPU.Build.0 = Release|Any CPU
		{74F304B1-31AE-45C4-9337-76DD6536A993}.Debug|Any CPU.ActiveCfg = Debug|Any CPU
		{74F304B1-31AE-45C4-9337-76DD6536A993}.Debug|Any CPU.Build.0 = Debug|Any CPU
		{74F304B1-31AE-45C4-9337-76DD6536A993}.Release|Any CPU.ActiveCfg = Release|Any CPU
		{74F304B1-31AE-45C4-9337-76DD6536A993}.Release|Any CPU.Build.0 = Release|Any CPU
		{C1BFCB28-040D-4C91-93E9-5D4AC7A34AFE}.Debug|Any CPU.ActiveCfg = Debug|Any CPU
		{C1BFCB28-040D-4C91-93E9-5D4AC7A34AFE}.Debug|Any CPU.Build.0 = Debug|Any CPU
		{C1BFCB28-040D-4C91-93E9-5D4AC7A34AFE}.Release|Any CPU.ActiveCfg = Release|Any CPU
		{C1BFCB28-040D-4C91-93E9-5D4AC7A34AFE}.Release|Any CPU.Build.0 = Release|Any CPU
	EndGlobalSection
	GlobalSection(SolutionProperties) = preSolution
		HideSolutionNode = FALSE
	EndGlobalSection
	GlobalSection(ExtensibilityGlobals) = postSolution
		SolutionGuid = {8D91365E-6623-4A1E-8D9C-6ACED450F025}
	EndGlobalSection
EndGlobal
